// !$*UTF8*$!
{
	archiveVersion = 1;
	classes = {
	};
	objectVersion = 50;
	objects = {

/* Begin PBXBuildFile section */
		EFB66BCB260A62ED00C997CE /* AppDelegate.swift in Sources */ = {isa = PBXBuildFile; fileRef = EFB66BCA260A62ED00C997CE /* AppDelegate.swift */; };
		EFB66BCD260A62ED00C997CE /* GameScene.sks in Resources */ = {isa = PBXBuildFile; fileRef = EFB66BCC260A62ED00C997CE /* GameScene.sks */; };
		EFB66BCF260A62ED00C997CE /* Actions.sks in Resources */ = {isa = PBXBuildFile; fileRef = EFB66BCE260A62ED00C997CE /* Actions.sks */; };
		EFB66BD1260A62ED00C997CE /* GameScene.swift in Sources */ = {isa = PBXBuildFile; fileRef = EFB66BD0260A62ED00C997CE /* GameScene.swift */; };
		EFB66BD3260A62ED00C997CE /* GameViewController.swift in Sources */ = {isa = PBXBuildFile; fileRef = EFB66BD2260A62ED00C997CE /* GameViewController.swift */; };
		EFB66BD6260A62ED00C997CE /* Main.storyboard in Resources */ = {isa = PBXBuildFile; fileRef = EFB66BD4260A62ED00C997CE /* Main.storyboard */; };
		EFB66BD8260A62EE00C997CE /* Assets.xcassets in Resources */ = {isa = PBXBuildFile; fileRef = EFB66BD7260A62EE00C997CE /* Assets.xcassets */; };
/* End PBXBuildFile section */

/* Begin PBXFileReference section */
		EFB66BC7260A62ED00C997CE /* AA2_MyGame.app */ = {isa = PBXFileReference; explicitFileType = wrapper.application; includeInIndex = 0; path = AA2_MyGame.app; sourceTree = BUILT_PRODUCTS_DIR; };
		EFB66BCA260A62ED00C997CE /* AppDelegate.swift */ = {isa = PBXFileReference; lastKnownFileType = sourcecode.swift; path = AppDelegate.swift; sourceTree = "<group>"; };
		EFB66BCC260A62ED00C997CE /* GameScene.sks */ = {isa = PBXFileReference; lastKnownFileType = file.sks; path = GameScene.sks; sourceTree = "<group>"; };
		EFB66BCE260A62ED00C997CE /* Actions.sks */ = {isa = PBXFileReference; lastKnownFileType = file.sks; path = Actions.sks; sourceTree = "<group>"; };
		EFB66BD0260A62ED00C997CE /* GameScene.swift */ = {isa = PBXFileReference; lastKnownFileType = sourcecode.swift; path = GameScene.swift; sourceTree = "<group>"; };
		EFB66BD2260A62ED00C997CE /* GameViewController.swift */ = {isa = PBXFileReference; lastKnownFileType = sourcecode.swift; path = GameViewController.swift; sourceTree = "<group>"; };
		EFB66BD5260A62ED00C997CE /* Base */ = {isa = PBXFileReference; lastKnownFileType = file.storyboard; name = Base; path = Base.lproj/Main.storyboard; sourceTree = "<group>"; };
		EFB66BD7260A62EE00C997CE /* Assets.xcassets */ = {isa = PBXFileReference; lastKnownFileType = folder.assetcatalog; path = Assets.xcassets; sourceTree = "<group>"; };
		EFB66BD9260A62EE00C997CE /* Info.plist */ = {isa = PBXFileReference; lastKnownFileType = text.plist.xml; path = Info.plist; sourceTree = "<group>"; };
/* End PBXFileReference section */

/* Begin PBXFrameworksBuildPhase section */
		EFB66BC4260A62ED00C997CE /* Frameworks */ = {
			isa = PBXFrameworksBuildPhase;
			buildActionMask = 2147483647;
			files = (
			);
			runOnlyForDeploymentPostprocessing = 0;
		};
/* End PBXFrameworksBuildPhase section */

/* Begin PBXGroup section */
		EFB66BBE260A62ED00C997CE = {
			isa = PBXGroup;
			children = (
				EFB66BC9260A62ED00C997CE /* AA2_MyGame */,
				EFB66BC8260A62ED00C997CE /* Products */,
			);
			sourceTree = "<group>";
		};
		EFB66BC8260A62ED00C997CE /* Products */ = {
			isa = PBXGroup;
			children = (
				EFB66BC7260A62ED00C997CE /* AA2_MyGame.app */,
			);
			name = Products;
			sourceTree = "<group>";
		};
		EFB66BC9260A62ED00C997CE /* AA2_MyGame */ = {
			isa = PBXGroup;
			children = (
				EFB66BCA260A62ED00C997CE /* AppDelegate.swift */,
				EFB66BCC260A62ED00C997CE /* GameScene.sks */,
				EFB66BCE260A62ED00C997CE /* Actions.sks */,
				EFB66BD0260A62ED00C997CE /* GameScene.swift */,
				EFB66BD2260A62ED00C997CE /* GameViewController.swift */,
				EFB66BD4260A62ED00C997CE /* Main.storyboard */,
				EFB66BD7260A62EE00C997CE /* Assets.xcassets */,
				EFB66BD9260A62EE00C997CE /* Info.plist */,
			);
			path = AA2_MyGame;
			sourceTree = "<group>";
		};
/* End PBXGroup section */

/* Begin PBXNativeTarget section */
		EFB66BC6260A62ED00C997CE /* AA2_MyGame */ = {
			isa = PBXNativeTarget;
			buildConfigurationList = EFB66BDC260A62EE00C997CE /* Build configuration list for PBXNativeTarget "AA2_MyGame" */;
			buildPhases = (
				EFB66BC3260A62ED00C997CE /* Sources */,
				EFB66BC4260A62ED00C997CE /* Frameworks */,
				EFB66BC5260A62ED00C997CE /* Resources */,
			);
			buildRules = (
			);
			dependencies = (
			);
			name = AA2_MyGame;
			productName = AA2_MyGame;
			productReference = EFB66BC7260A62ED00C997CE /* AA2_MyGame.app */;
			productType = "com.apple.product-type.application";
		};
/* End PBXNativeTarget section */

/* Begin PBXProject section */
		EFB66BBF260A62ED00C997CE /* Project object */ = {
			isa = PBXProject;
			attributes = {
				LastSwiftUpdateCheck = 1240;
				LastUpgradeCheck = 1240;
				TargetAttributes = {
					EFB66BC6260A62ED00C997CE = {
						CreatedOnToolsVersion = 12.4;
					};
				};
			};
			buildConfigurationList = EFB66BC2260A62ED00C997CE /* Build configuration list for PBXProject "AA2_MyGame" */;
			compatibilityVersion = "Xcode 9.3";
			developmentRegion = en;
			hasScannedForEncodings = 0;
			knownRegions = (
				en,
				Base,
			);
			mainGroup = EFB66BBE260A62ED00C997CE;
			productRefGroup = EFB66BC8260A62ED00C997CE /* Products */;
			projectDirPath = "";
			projectRoot = "";
			targets = (
				EFB66BC6260A62ED00C997CE /* AA2_MyGame */,
			);
		};
/* End PBXProject section */

/* Begin PBXResourcesBuildPhase section */
		EFB66BC5260A62ED00C997CE /* Resources */ = {
			isa = PBXResourcesBuildPhase;
			buildActionMask = 2147483647;
			files = (
				EFB66BD6260A62ED00C997CE /* Main.storyboard in Resources */,
				EFB66BCD260A62ED00C997CE /* GameScene.sks in Resources */,
				EFB66BD8260A62EE00C997CE /* Assets.xcassets in Resources */,
				EFB66BCF260A62ED00C997CE /* Actions.sks in Resources */,
			);
			runOnlyForDeploymentPostprocessing = 0;
		};
/* End PBXResourcesBuildPhase section */

/* Begin PBXSourcesBuildPhase section */
		EFB66BC3260A62ED00C997CE /* Sources */ = {
			isa = PBXSourcesBuildPhase;
			buildActionMask = 2147483647;
			files = (
				EFB66BD1260A62ED00C997CE /* GameScene.swift in Sources */,
				EFB66BD3260A62ED00C997CE /* GameViewController.swift in Sources */,
				EFB66BCB260A62ED00C997CE /* AppDelegate.swift in Sources */,
			);
			runOnlyForDeploymentPostprocessing = 0;
		};
/* End PBXSourcesBuildPhase section */

/* Begin PBXVariantGroup section */
		EFB66BD4260A62ED00C997CE /* Main.storyboard */ = {
			isa = PBXVariantGroup;
			children = (
				EFB66BD5260A62ED00C997CE /* Base */,
			);
			name = Main.storyboard;
			sourceTree = "<group>";
		};
/* End PBXVariantGroup section */

/* Begin XCBuildConfiguration section */
		EFB66BDA260A62EE00C997CE /* Debug */ = {
			isa = XCBuildConfiguration;
			buildSettings = {
				ALWAYS_SEARCH_USER_PATHS = NO;
				CLANG_ANALYZER_NONNULL = YES;
				CLANG_ANALYZER_NUMBER_OBJECT_CONVERSION = YES_AGGRESSIVE;
				CLANG_CXX_LANGUAGE_STANDARD = "gnu++14";
				CLANG_CXX_LIBRARY = "libc++";
				CLANG_ENABLE_MODULES = YES;
				CLANG_ENABLE_OBJC_ARC = YES;
				CLANG_ENABLE_OBJC_WEAK = YES;
				CLANG_WARN_BLOCK_CAPTURE_AUTORELEASING = YES;
				CLANG_WARN_BOOL_CONVERSION = YES;
				CLANG_WARN_COMMA = YES;
				CLANG_WARN_CONSTANT_CONVERSION = YES;
				CLANG_WARN_DEPRECATED_OBJC_IMPLEMENTATIONS = YES;
				CLANG_WARN_DIRECT_OBJC_ISA_USAGE = YES_ERROR;
				CLANG_WARN_DOCUMENTATION_COMMENTS = YES;
				CLANG_WARN_EMPTY_BODY = YES;
				CLANG_WARN_ENUM_CONVERSION = YES;
				CLANG_WARN_INFINITE_RECURSION = YES;
				CLANG_WARN_INT_CONVERSION = YES;
				CLANG_WARN_NON_LITERAL_NULL_CONVERSION = YES;
				CLANG_WARN_OBJC_IMPLICIT_RETAIN_SELF = YES;
				CLANG_WARN_OBJC_LITERAL_CONVERSION = YES;
				CLANG_WARN_OBJC_ROOT_CLASS = YES_ERROR;
				CLANG_WARN_QUOTED_INCLUDE_IN_FRAMEWORK_HEADER = YES;
				CLANG_WARN_RANGE_LOOP_ANALYSIS = YES;
				CLANG_WARN_STRICT_PROTOTYPES = YES;
				CLANG_WARN_SUSPICIOUS_MOVE = YES;
				CLANG_WARN_UNGUARDED_AVAILABILITY = YES_AGGRESSIVE;
				CLANG_WARN_UNREACHABLE_CODE = YES;
				CLANG_WARN__DUPLICATE_METHOD_MATCH = YES;
				COPY_PHASE_STRIP = NO;
				DEBUG_INFORMATION_FORMAT = dwarf;
				ENABLE_STRICT_OBJC_MSGSEND = YES;
				ENABLE_TESTABILITY = YES;
				GCC_C_LANGUAGE_STANDARD = gnu11;
				GCC_DYNAMIC_NO_PIC = NO;
				GCC_NO_COMMON_BLOCKS = YES;
				GCC_OPTIMIZATION_LEVEL = 0;
				GCC_PREPROCESSOR_DEFINITIONS = (
					"DEBUG=1",
					"$(inherited)",
				);
				GCC_WARN_64_TO_32_BIT_CONVERSION = YES;
				GCC_WARN_ABOUT_RETURN_TYPE = YES_ERROR;
				GCC_WARN_UNDECLARED_SELECTOR = YES;
				GCC_WARN_UNINITIALIZED_AUTOS = YES_AGGRESSIVE;
				GCC_WARN_UNUSED_FUNCTION = YES;
				GCC_WARN_UNUSED_VARIABLE = YES;
				IPHONEOS_DEPLOYMENT_TARGET = 14.4;
				MTL_ENABLE_DEBUG_INFO = INCLUDE_SOURCE;
				MTL_FAST_MATH = YES;
				ONLY_ACTIVE_ARCH = YES;
				SDKROOT = iphoneos;
				SWIFT_ACTIVE_COMPILATION_CONDITIONS = DEBUG;
				SWIFT_OPTIMIZATION_LEVEL = "-Onone";
			};
			name = Debug;
		};
		EFB66BDB260A62EE00C997CE /* Release */ = {
			isa = XCBuildConfiguration;
			buildSettings = {
				ALWAYS_SEARCH_USER_PATHS = NO;
				CLANG_ANALYZER_NONNULL = YES;
				CLANG_ANALYZER_NUMBER_OBJECT_CONVERSION = YES_AGGRESSIVE;
				CLANG_CXX_LANGUAGE_STANDARD = "gnu++14";
				CLANG_CXX_LIBRARY = "libc++";
				CLANG_ENABLE_MODULES = YES;
				CLANG_ENABLE_OBJC_ARC = YES;
				CLANG_ENABLE_OBJC_WEAK = YES;
				CLANG_WARN_BLOCK_CAPTURE_AUTORELEASING = YES;
				CLANG_WARN_BOOL_CONVERSION = YES;
				CLANG_WARN_COMMA = YES;
				CLANG_WARN_CONSTANT_CONVERSION = YES;
				CLANG_WARN_DEPRECATED_OBJC_IMPLEMENTATIONS = YES;
				CLANG_WARN_DIRECT_OBJC_ISA_USAGE = YES_ERROR;
				CLANG_WARN_DOCUMENTATION_COMMENTS = YES;
				CLANG_WARN_EMPTY_BODY = YES;
				CLANG_WARN_ENUM_CONVERSION = YES;
				CLANG_WARN_INFINITE_RECURSION = YES;
				CLANG_WARN_INT_CONVERSION = YES;
				CLANG_WARN_NON_LITERAL_NULL_CONVERSION = YES;
				CLANG_WARN_OBJC_IMPLICIT_RETAIN_SELF = YES;
				CLANG_WARN_OBJC_LITERAL_CONVERSION = YES;
				CLANG_WARN_OBJC_ROOT_CLASS = YES_ERROR;
				CLANG_WARN_QUOTED_INCLUDE_IN_FRAMEWORK_HEADER = YES;
				CLANG_WARN_RANGE_LOOP_ANALYSIS = YES;
				CLANG_WARN_STRICT_PROTOTYPES = YES;
				CLANG_WARN_SUSPICIOUS_MOVE = YES;
				CLANG_WARN_UNGUARDED_AVAILABILITY = YES_AGGRESSIVE;
				CLANG_WARN_UNREACHABLE_CODE = YES;
				CLANG_WARN__DUPLICATE_METHOD_MATCH = YES;
				COPY_PHASE_STRIP = NO;
				DEBUG_INFORMATION_FORMAT = "dwarf-with-dsym";
				ENABLE_NS_ASSERTIONS = NO;
				ENABLE_STRICT_OBJC_MSGSEND = YES;
				GCC_C_LANGUAGE_STANDARD = gnu11;
				GCC_NO_COMMON_BLOCKS = YES;
				GCC_WARN_64_TO_32_BIT_CONVERSION = YES;
				GCC_WARN_ABOUT_RETURN_TYPE = YES_ERROR;
				GCC_WARN_UNDECLARED_SELECTOR = YES;
				GCC_WARN_UNINITIALIZED_AUTOS = YES_AGGRESSIVE;
				GCC_WARN_UNUSED_FUNCTION = YES;
				GCC_WARN_UNUSED_VARIABLE = YES;
				IPHONEOS_DEPLOYMENT_TARGET = 14.4;
				MTL_ENABLE_DEBUG_INFO = NO;
				MTL_FAST_MATH = YES;
				SDKROOT = iphoneos;
				SWIFT_COMPILATION_MODE = wholemodule;
				SWIFT_OPTIMIZATION_LEVEL = "-O";
				VALIDATE_PRODUCT = YES;
			};
			name = Release;
		};
		EFB66BDD260A62EE00C997CE /* Debug */ = {
			isa = XCBuildConfiguration;
			buildSettings = {
				ASSETCATALOG_COMPILER_APPICON_NAME = AppIcon;
				ASSETCATALOG_COMPILER_GLOBAL_ACCENT_COLOR_NAME = AccentColor;
				CODE_SIGN_STYLE = Automatic;
				DEVELOPMENT_TEAM = A4755485NJ;
				INFOPLIST_FILE = AA2_MyGame/Info.plist;
				LD_RUNPATH_SEARCH_PATHS = (
					"$(inherited)",
					"@executable_path/Frameworks",
				);
				PRODUCT_BUNDLE_IDENTIFIER = "com.enti.AA2-MyGame";
				PRODUCT_NAME = "$(TARGET_NAME)";
				SWIFT_VERSION = 5.0;
				TARGETED_DEVICE_FAMILY = 1;
			};
			name = Debug;
		};
		EFB66BDE260A62EE00C997CE /* Release */ = {
			isa = XCBuildConfiguration;
			buildSettings = {
				ASSETCATALOG_COMPILER_APPICON_NAME = AppIcon;
				ASSETCATALOG_COMPILER_GLOBAL_ACCENT_COLOR_NAME = AccentColor;
				CODE_SIGN_STYLE = Automatic;
				DEVELOPMENT_TEAM = A4755485NJ;
				INFOPLIST_FILE = AA2_MyGame/Info.plist;
				LD_RUNPATH_SEARCH_PATHS = (
					"$(inherited)",
					"@executable_path/Frameworks",
				);
				PRODUCT_BUNDLE_IDENTIFIER = "com.enti.AA2-MyGame";
				PRODUCT_NAME = "$(TARGET_NAME)";
				SWIFT_VERSION = 5.0;
				TARGETED_DEVICE_FAMILY = 1;
			};
			name = Release;
		};
/* End XCBuildConfiguration section */

/* Begin XCConfigurationList section */
		EFB66BC2260A62ED00C997CE /* Build configuration list for PBXProject "AA2_MyGame" */ = {
			isa = XCConfigurationList;
			buildConfigurations = (
				EFB66BDA260A62EE00C997CE /* Debug */,
				EFB66BDB260A62EE00C997CE /* Release */,
			);
			defaultConfigurationIsVisible = 0;
			defaultConfigurationName = Release;
		};
		EFB66BDC260A62EE00C997CE /* Build configuration list for PBXNativeTarget "AA2_MyGame" */ = {
			isa = XCConfigurationList;
			buildConfigurations = (
				EFB66BDD260A62EE00C997CE /* Debug */,
				EFB66BDE260A62EE00C997CE /* Release */,
			);
			defaultConfigurationIsVisible = 0;
			defaultConfigurationName = Release;
		};
/* End XCConfigurationList section */
	};
	rootObject = EFB66BBF260A62ED00C997CE /* Project object */;
}
